
Microsoft Visual Studio Solution File, Format Version 12.00
# Visual Studio Version 17
VisualStudioVersion = 17.2.32519.379
MinimumVisualStudioVersion = 10.0.40219.1
Project("{FAE04EC0-301F-11D3-BF4B-00C04F79EFBC}") = "Monopoly", "Monopoly.csproj", "{DF965FFD-9A3E-4127-BAF9-5D8E41F5CC6C}"
EndProject
Global
	GlobalSection(SolutionConfigurationPlatforms) = preSolution
		Debug|Any CPU = Debug|Any CPU
		Release|Any CPU = Release|Any CPU
	EndGlobalSection
	GlobalSection(ProjectConfigurationPlatforms) = postSolution
		{DF965FFD-9A3E-4127-BAF9-5D8E41F5CC6C}.Debug|Any CPU.ActiveCfg = Debug|Any CPU
		{DF965FFD-9A3E-4127-BAF9-5D8E41F5CC6C}.Debug|Any CPU.Build.0 = Debug|Any CPU
		{DF965FFD-9A3E-4127-BAF9-5D8E41F5CC6C}.Release|Any CPU.ActiveCfg = Release|Any CPU
		{DF965FFD-9A3E-4127-BAF9-5D8E41F5CC6C}.Release|Any CPU.Build.0 = Release|Any CPU
	EndGlobalSection
	GlobalSection(SolutionProperties) = preSolution
		HideSolutionNode = FALSE
	EndGlobalSection
	GlobalSection(ExtensibilityGlobals) = postSolution
		SolutionGuid = {EF27A4BD-E433-4E85-B77C-4C3BE20D1E01}
	EndGlobalSection
EndGlobal
